
Microsoft Visual Studio Solution File, Format Version 12.00
# Visual Studio 15
VisualStudioVersion = 15.0.27004.2010
MinimumVisualStudioVersion = 10.0.40219.1
Project("{D954291E-2A0B-460D-934E-DC6B0785DB48}") = "ModuloReloaded6", "ModuloReloaded6\ModuloReloaded6\ModuloReloaded6.shproj", "{E4DBF0F6-F519-4C74-A42B-70B554F9D1E4}"
EndProject
Project("{FAE04EC0-301F-11D3-BF4B-00C04F79EFBC}") = "ModuloReloaded6.Android", "ModuloReloaded6\ModuloReloaded6.Android\ModuloReloaded6.Android.csproj", "{6C496613-7F44-4D4F-B93B-6F15C3B0BBE8}"
EndProject
Project("{FAE04EC0-301F-11D3-BF4B-00C04F79EFBC}") = "ModuloReloaded6.iOS", "ModuloReloaded6\ModuloReloaded6.iOS\ModuloReloaded6.iOS.csproj", "{08FA0623-EC5C-41D3-A673-EBC93C74E90B}"
EndProject
Project("{FAE04EC0-301F-11D3-BF4B-00C04F79EFBC}") = "ModuloReloaded6.UWP", "ModuloReloaded6\ModuloReloaded6.UWP\ModuloReloaded6.UWP.csproj", "{B1768EE2-EBFE-405E-BA6F-B864FDB140B7}"
EndProject
Global
	GlobalSection(SharedMSBuildProjectFiles) = preSolution
		ModuloReloaded6\ModuloReloaded6\ModuloReloaded6.projitems*{08fa0623-ec5c-41d3-a673-ebc93c74e90b}*SharedItemsImports = 4
		ModuloReloaded6\ModuloReloaded6\ModuloReloaded6.projitems*{6c496613-7f44-4d4f-b93b-6f15c3b0bbe8}*SharedItemsImports = 4
		ModuloReloaded6\ModuloReloaded6\ModuloReloaded6.projitems*{e4dbf0f6-f519-4c74-a42b-70b554f9d1e4}*SharedItemsImports = 13
	EndGlobalSection
	GlobalSection(SolutionConfigurationPlatforms) = preSolution
		Ad-Hoc|Any CPU = Ad-Hoc|Any CPU
		Ad-Hoc|ARM = Ad-Hoc|ARM
		Ad-Hoc|iPhone = Ad-Hoc|iPhone
		Ad-Hoc|iPhoneSimulator = Ad-Hoc|iPhoneSimulator
		Ad-Hoc|x64 = Ad-Hoc|x64
		Ad-Hoc|x86 = Ad-Hoc|x86
		AppStore|Any CPU = AppStore|Any CPU
		AppStore|ARM = AppStore|ARM
		AppStore|iPhone = AppStore|iPhone
		AppStore|iPhoneSimulator = AppStore|iPhoneSimulator
		AppStore|x64 = AppStore|x64
		AppStore|x86 = AppStore|x86
		Debug|Any CPU = Debug|Any CPU
		Debug|ARM = Debug|ARM
		Debug|iPhone = Debug|iPhone
		Debug|iPhoneSimulator = Debug|iPhoneSimulator
		Debug|x64 = Debug|x64
		Debug|x86 = Debug|x86
		Release|Any CPU = Release|Any CPU
		Release|ARM = Release|ARM
		Release|iPhone = Release|iPhone
		Release|iPhoneSimulator = Release|iPhoneSimulator
		Release|x64 = Release|x64
		Release|x86 = Release|x86
	EndGlobalSection
	GlobalSection(ProjectConfigurationPlatforms) = postSolution
		{6C496613-7F44-4D4F-B93B-6F15C3B0BBE8}.Ad-Hoc|Any CPU.ActiveCfg = Release|Any CPU
		{6C496613-7F44-4D4F-B93B-6F15C3B0BBE8}.Ad-Hoc|Any CPU.Build.0 = Release|Any CPU
		{6C496613-7F44-4D4F-B93B-6F15C3B0BBE8}.Ad-Hoc|Any CPU.Deploy.0 = Release|Any CPU
		{6C496613-7F44-4D4F-B93B-6F15C3B0BBE8}.Ad-Hoc|ARM.ActiveCfg = Release|Any CPU
		{6C496613-7F44-4D4F-B93B-6F15C3B0BBE8}.Ad-Hoc|ARM.Build.0 = Release|Any CPU
		{6C496613-7F44-4D4F-B93B-6F15C3B0BBE8}.Ad-Hoc|ARM.Deploy.0 = Release|Any CPU
		{6C496613-7F44-4D4F-B93B-6F15C3B0BBE8}.Ad-Hoc|iPhone.ActiveCfg = Release|Any CPU
		{6C496613-7F44-4D4F-B93B-6F15C3B0BBE8}.Ad-Hoc|iPhone.Build.0 = Release|Any CPU
		{6C496613-7F44-4D4F-B93B-6F15C3B0BBE8}.Ad-Hoc|iPhone.Deploy.0 = Release|Any CPU
		{6C496613-7F44-4D4F-B93B-6F15C3B0BBE8}.Ad-Hoc|iPhoneSimulator.ActiveCfg = Release|Any CPU
		{6C496613-7F44-4D4F-B93B-6F15C3B0BBE8}.Ad-Hoc|iPhoneSimulator.Build.0 = Release|Any CPU
		{6C496613-7F44-4D4F-B93B-6F15C3B0BBE8}.Ad-Hoc|iPhoneSimulator.Deploy.0 = Release|Any CPU
		{6C496613-7F44-4D4F-B93B-6F15C3B0BBE8}.Ad-Hoc|x64.ActiveCfg = Release|Any CPU
		{6C496613-7F44-4D4F-B93B-6F15C3B0BBE8}.Ad-Hoc|x64.Build.0 = Release|Any CPU
		{6C496613-7F44-4D4F-B93B-6F15C3B0BBE8}.Ad-Hoc|x64.Deploy.0 = Release|Any CPU
		{6C496613-7F44-4D4F-B93B-6F15C3B0BBE8}.Ad-Hoc|x86.ActiveCfg = Release|Any CPU
		{6C496613-7F44-4D4F-B93B-6F15C3B0BBE8}.Ad-Hoc|x86.Build.0 = Release|Any CPU
		{6C496613-7F44-4D4F-B93B-6F15C3B0BBE8}.Ad-Hoc|x86.Deploy.0 = Release|Any CPU
		{6C496613-7F44-4D4F-B93B-6F15C3B0BBE8}.AppStore|Any CPU.ActiveCfg = Release|Any CPU
		{6C496613-7F44-4D4F-B93B-6F15C3B0BBE8}.AppStore|Any CPU.Build.0 = Release|Any CPU
		{6C496613-7F44-4D4F-B93B-6F15C3B0BBE8}.AppStore|Any CPU.Deploy.0 = Release|Any CPU
		{6C496613-7F44-4D4F-B93B-6F15C3B0BBE8}.AppStore|ARM.ActiveCfg = Release|Any CPU
		{6C496613-7F44-4D4F-B93B-6F15C3B0BBE8}.AppStore|ARM.Build.0 = Release|Any CPU
		{6C496613-7F44-4D4F-B93B-6F15C3B0BBE8}.AppStore|ARM.Deploy.0 = Release|Any CPU
		{6C496613-7F44-4D4F-B93B-6F15C3B0BBE8}.AppStore|iPhone.ActiveCfg = Release|Any CPU
		{6C496613-7F44-4D4F-B93B-6F15C3B0BBE8}.AppStore|iPhone.Build.0 = Release|Any CPU
		{6C496613-7F44-4D4F-B93B-6F15C3B0BBE8}.AppStore|iPhone.Deploy.0 = Release|Any CPU
		{6C496613-7F44-4D4F-B93B-6F15C3B0BBE8}.AppStore|iPhoneSimulator.ActiveCfg = Release|Any CPU
		{6C496613-7F44-4D4F-B93B-6F15C3B0BBE8}.AppStore|iPhoneSimulator.Build.0 = Release|Any CPU
		{6C496613-7F44-4D4F-B93B-6F15C3B0BBE8}.AppStore|iPhoneSimulator.Deploy.0 = Release|Any CPU
		{6C496613-7F44-4D4F-B93B-6F15C3B0BBE8}.AppStore|x64.ActiveCfg = Release|Any CPU
		{6C496613-7F44-4D4F-B93B-6F15C3B0BBE8}.AppStore|x64.Build.0 = Release|Any CPU
		{6C496613-7F44-4D4F-B93B-6F15C3B0BBE8}.AppStore|x64.Deploy.0 = Release|Any CPU
		{6C496613-7F44-4D4F-B93B-6F15C3B0BBE8}.AppStore|x86.ActiveCfg = Release|Any CPU
		{6C496613-7F44-4D4F-B93B-6F15C3B0BBE8}.AppStore|x86.Build.0 = Release|Any CPU
		{6C496613-7F44-4D4F-B93B-6F15C3B0BBE8}.AppStore|x86.Deploy.0 = Release|Any CPU
		{6C496613-7F44-4D4F-B93B-6F15C3B0BBE8}.Debug|Any CPU.ActiveCfg = Debug|Any CPU
		{6C496613-7F44-4D4F-B93B-6F15C3B0BBE8}.Debug|Any CPU.Build.0 = Debug|Any CPU
		{6C496613-7F44-4D4F-B93B-6F15C3B0BBE8}.Debug|Any CPU.Deploy.0 = Debug|Any CPU
		{6C496613-7F44-4D4F-B93B-6F15C3B0BBE8}.Debug|ARM.ActiveCfg = Debug|Any CPU
		{6C496613-7F44-4D4F-B93B-6F15C3B0BBE8}.Debug|ARM.Build.0 = Debug|Any CPU
		{6C496613-7F44-4D4F-B93B-6F15C3B0BBE8}.Debug|ARM.Deploy.0 = Debug|Any CPU
		{6C496613-7F44-4D4F-B93B-6F15C3B0BBE8}.Debug|iPhone.ActiveCfg = Debug|Any CPU
		{6C496613-7F44-4D4F-B93B-6F15C3B0BBE8}.Debug|iPhone.Build.0 = Debug|Any CPU
		{6C496613-7F44-4D4F-B93B-6F15C3B0BBE8}.Debug|iPhone.Deploy.0 = Debug|Any CPU
		{6C496613-7F44-4D4F-B93B-6F15C3B0BBE8}.Debug|iPhoneSimulator.ActiveCfg = Debug|Any CPU
		{6C496613-7F44-4D4F-B93B-6F15C3B0BBE8}.Debug|iPhoneSimulator.Build.0 = Debug|Any CPU
		{6C496613-7F44-4D4F-B93B-6F15C3B0BBE8}.Debug|iPhoneSimulator.Deploy.0 = Debug|Any CPU
		{6C496613-7F44-4D4F-B93B-6F15C3B0BBE8}.Debug|x64.ActiveCfg = Debug|Any CPU
		{6C496613-7F44-4D4F-B93B-6F15C3B0BBE8}.Debug|x64.Build.0 = Debug|Any CPU
		{6C496613-7F44-4D4F-B93B-6F15C3B0BBE8}.Debug|x64.Deploy.0 = Debug|Any CPU
		{6C496613-7F44-4D4F-B93B-6F15C3B0BBE8}.Debug|x86.ActiveCfg = Debug|Any CPU
		{6C496613-7F44-4D4F-B93B-6F15C3B0BBE8}.Debug|x86.Build.0 = Debug|Any CPU
		{6C496613-7F44-4D4F-B93B-6F15C3B0BBE8}.Debug|x86.Deploy.0 = Debug|Any CPU
		{6C496613-7F44-4D4F-B93B-6F15C3B0BBE8}.Release|Any CPU.ActiveCfg = Release|Any CPU
		{6C496613-7F44-4D4F-B93B-6F15C3B0BBE8}.Release|Any CPU.Build.0 = Release|Any CPU
		{6C496613-7F44-4D4F-B93B-6F15C3B0BBE8}.Release|Any CPU.Deploy.0 = Release|Any CPU
		{6C496613-7F44-4D4F-B93B-6F15C3B0BBE8}.Release|ARM.ActiveCfg = Release|Any CPU
		{6C496613-7F44-4D4F-B93B-6F15C3B0BBE8}.Release|ARM.Build.0 = Release|Any CPU
		{6C496613-7F44-4D4F-B93B-6F15C3B0BBE8}.Release|ARM.Deploy.0 = Release|Any CPU
		{6C496613-7F44-4D4F-B93B-6F15C3B0BBE8}.Release|iPhone.ActiveCfg = Release|Any CPU
		{6C496613-7F44-4D4F-B93B-6F15C3B0BBE8}.Release|iPhone.Build.0 = Release|Any CPU
		{6C496613-7F44-4D4F-B93B-6F15C3B0BBE8}.Release|iPhone.Deploy.0 = Release|Any CPU
		{6C496613-7F44-4D4F-B93B-6F15C3B0BBE8}.Release|iPhoneSimulator.ActiveCfg = Release|Any CPU
		{6C496613-7F44-4D4F-B93B-6F15C3B0BBE8}.Release|iPhoneSimulator.Build.0 = Release|Any CPU
		{6C496613-7F44-4D4F-B93B-6F15C3B0BBE8}.Release|iPhoneSimulator.Deploy.0 = Release|Any CPU
		{6C496613-7F44-4D4F-B93B-6F15C3B0BBE8}.Release|x64.ActiveCfg = Release|Any CPU
		{6C496613-7F44-4D4F-B93B-6F15C3B0BBE8}.Release|x64.Build.0 = Release|Any CPU
		{6C496613-7F44-4D4F-B93B-6F15C3B0BBE8}.Release|x64.Deploy.0 = Release|Any CPU
		{6C496613-7F44-4D4F-B93B-6F15C3B0BBE8}.Release|x86.ActiveCfg = Release|Any CPU
		{6C496613-7F44-4D4F-B93B-6F15C3B0BBE8}.Release|x86.Build.0 = Release|Any CPU
		{6C496613-7F44-4D4F-B93B-6F15C3B0BBE8}.Release|x86.Deploy.0 = Release|Any CPU
		{08FA0623-EC5C-41D3-A673-EBC93C74E90B}.Ad-Hoc|Any CPU.ActiveCfg = Ad-Hoc|iPhoneSimulator
		{08FA0623-EC5C-41D3-A673-EBC93C74E90B}.Ad-Hoc|ARM.ActiveCfg = Ad-Hoc|iPhone
		{08FA0623-EC5C-41D3-A673-EBC93C74E90B}.Ad-Hoc|iPhone.ActiveCfg = Ad-Hoc|iPhone
		{08FA0623-EC5C-41D3-A673-EBC93C74E90B}.Ad-Hoc|iPhone.Build.0 = Ad-Hoc|iPhone
		{08FA0623-EC5C-41D3-A673-EBC93C74E90B}.Ad-Hoc|iPhoneSimulator.ActiveCfg = Ad-Hoc|iPhoneSimulator
		{08FA0623-EC5C-41D3-A673-EBC93C74E90B}.Ad-Hoc|iPhoneSimulator.Build.0 = Ad-Hoc|iPhoneSimulator
		{08FA0623-EC5C-41D3-A673-EBC93C74E90B}.Ad-Hoc|x64.ActiveCfg = Ad-Hoc|iPhone
		{08FA0623-EC5C-41D3-A673-EBC93C74E90B}.Ad-Hoc|x86.ActiveCfg = Ad-Hoc|iPhone
		{08FA0623-EC5C-41D3-A673-EBC93C74E90B}.AppStore|Any CPU.ActiveCfg = AppStore|iPhoneSimulator
		{08FA0623-EC5C-41D3-A673-EBC93C74E90B}.AppStore|ARM.ActiveCfg = AppStore|iPhone
		{08FA0623-EC5C-41D3-A673-EBC93C74E90B}.AppStore|iPhone.ActiveCfg = AppStore|iPhone
		{08FA0623-EC5C-41D3-A673-EBC93C74E90B}.AppStore|iPhone.Build.0 = AppStore|iPhone
		{08FA0623-EC5C-41D3-A673-EBC93C74E90B}.AppStore|iPhoneSimulator.ActiveCfg = AppStore|iPhoneSimulator
		{08FA0623-EC5C-41D3-A673-EBC93C74E90B}.AppStore|iPhoneSimulator.Build.0 = AppStore|iPhoneSimulator
		{08FA0623-EC5C-41D3-A673-EBC93C74E90B}.AppStore|x64.ActiveCfg = AppStore|iPhone
		{08FA0623-EC5C-41D3-A673-EBC93C74E90B}.AppStore|x86.ActiveCfg = AppStore|iPhone
		{08FA0623-EC5C-41D3-A673-EBC93C74E90B}.Debug|Any CPU.ActiveCfg = Debug|iPhoneSimulator
		{08FA0623-EC5C-41D3-A673-EBC93C74E90B}.Debug|ARM.ActiveCfg = Debug|iPhone
		{08FA0623-EC5C-41D3-A673-EBC93C74E90B}.Debug|iPhone.ActiveCfg = Debug|iPhone
		{08FA0623-EC5C-41D3-A673-EBC93C74E90B}.Debug|iPhone.Build.0 = Debug|iPhone
		{08FA0623-EC5C-41D3-A673-EBC93C74E90B}.Debug|iPhoneSimulator.ActiveCfg = Debug|iPhoneSimulator
		{08FA0623-EC5C-41D3-A673-EBC93C74E90B}.Debug|iPhoneSimulator.Build.0 = Debug|iPhoneSimulator
		{08FA0623-EC5C-41D3-A673-EBC93C74E90B}.Debug|x64.ActiveCfg = Debug|iPhone
		{08FA0623-EC5C-41D3-A673-EBC93C74E90B}.Debug|x86.ActiveCfg = Debug|iPhone
		{08FA0623-EC5C-41D3-A673-EBC93C74E90B}.Release|Any CPU.ActiveCfg = Release|iPhoneSimulator
		{08FA0623-EC5C-41D3-A673-EBC93C74E90B}.Release|ARM.ActiveCfg = Release|iPhone
		{08FA0623-EC5C-41D3-A673-EBC93C74E90B}.Release|iPhone.ActiveCfg = Release|iPhone
		{08FA0623-EC5C-41D3-A673-EBC93C74E90B}.Release|iPhone.Build.0 = Release|iPhone
		{08FA0623-EC5C-41D3-A673-EBC93C74E90B}.Release|iPhoneSimulator.ActiveCfg = Release|iPhoneSimulator
		{08FA0623-EC5C-41D3-A673-EBC93C74E90B}.Release|iPhoneSimulator.Build.0 = Release|iPhoneSimulator
		{08FA0623-EC5C-41D3-A673-EBC93C74E90B}.Release|x64.ActiveCfg = Release|iPhone
		{08FA0623-EC5C-41D3-A673-EBC93C74E90B}.Release|x86.ActiveCfg = Release|iPhone
		{B1768EE2-EBFE-405E-BA6F-B864FDB140B7}.Ad-Hoc|Any CPU.ActiveCfg = Release|x86
		{B1768EE2-EBFE-405E-BA6F-B864FDB140B7}.Ad-Hoc|Any CPU.Build.0 = Release|x86
		{B1768EE2-EBFE-405E-BA6F-B864FDB140B7}.Ad-Hoc|Any CPU.Deploy.0 = Release|x86
		{B1768EE2-EBFE-405E-BA6F-B864FDB140B7}.Ad-Hoc|ARM.ActiveCfg = Release|ARM
		{B1768EE2-EBFE-405E-BA6F-B864FDB140B7}.Ad-Hoc|ARM.Build.0 = Release|ARM
		{B1768EE2-EBFE-405E-BA6F-B864FDB140B7}.Ad-Hoc|ARM.Deploy.0 = Release|ARM
		{B1768EE2-EBFE-405E-BA6F-B864FDB140B7}.Ad-Hoc|iPhone.ActiveCfg = Release|x86
		{B1768EE2-EBFE-405E-BA6F-B864FDB140B7}.Ad-Hoc|iPhone.Build.0 = Release|x86
		{B1768EE2-EBFE-405E-BA6F-B864FDB140B7}.Ad-Hoc|iPhone.Deploy.0 = Release|x86
		{B1768EE2-EBFE-405E-BA6F-B864FDB140B7}.Ad-Hoc|iPhoneSimulator.ActiveCfg = Release|x86
		{B1768EE2-EBFE-405E-BA6F-B864FDB140B7}.Ad-Hoc|iPhoneSimulator.Build.0 = Release|x86
		{B1768EE2-EBFE-405E-BA6F-B864FDB140B7}.Ad-Hoc|iPhoneSimulator.Deploy.0 = Release|x86
		{B1768EE2-EBFE-405E-BA6F-B864FDB140B7}.Ad-Hoc|x64.ActiveCfg = Release|x64
		{B1768EE2-EBFE-405E-BA6F-B864FDB140B7}.Ad-Hoc|x64.Build.0 = Release|x64
		{B1768EE2-EBFE-405E-BA6F-B864FDB140B7}.Ad-Hoc|x64.Deploy.0 = Release|x64
		{B1768EE2-EBFE-405E-BA6F-B864FDB140B7}.Ad-Hoc|x86.ActiveCfg = Release|x86
		{B1768EE2-EBFE-405E-BA6F-B864FDB140B7}.Ad-Hoc|x86.Build.0 = Release|x86
		{B1768EE2-EBFE-405E-BA6F-B864FDB140B7}.Ad-Hoc|x86.Deploy.0 = Release|x86
		{B1768EE2-EBFE-405E-BA6F-B864FDB140B7}.AppStore|Any CPU.ActiveCfg = Release|x86
		{B1768EE2-EBFE-405E-BA6F-B864FDB140B7}.AppStore|Any CPU.Build.0 = Release|x86
		{B1768EE2-EBFE-405E-BA6F-B864FDB140B7}.AppStore|Any CPU.Deploy.0 = Release|x86
		{B1768EE2-EBFE-405E-BA6F-B864FDB140B7}.AppStore|ARM.ActiveCfg = Release|ARM
		{B1768EE2-EBFE-405E-BA6F-B864FDB140B7}.AppStore|ARM.Build.0 = Release|ARM
		{B1768EE2-EBFE-405E-BA6F-B864FDB140B7}.AppStore|ARM.Deploy.0 = Release|ARM
		{B1768EE2-EBFE-405E-BA6F-B864FDB140B7}.AppStore|iPhone.ActiveCfg = Release|x86
		{B1768EE2-EBFE-405E-BA6F-B864FDB140B7}.AppStore|iPhone.Build.0 = Release|x86
		{B1768EE2-EBFE-405E-BA6F-B864FDB140B7}.AppStore|iPhone.Deploy.0 = Release|x86
		{B1768EE2-EBFE-405E-BA6F-B864FDB140B7}.AppStore|iPhoneSimulator.ActiveCfg = Release|x86
		{B1768EE2-EBFE-405E-BA6F-B864FDB140B7}.AppStore|iPhoneSimulator.Build.0 = Release|x86
		{B1768EE2-EBFE-405E-BA6F-B864FDB140B7}.AppStore|iPhoneSimulator.Deploy.0 = Release|x86
		{B1768EE2-EBFE-405E-BA6F-B864FDB140B7}.AppStore|x64.ActiveCfg = Release|x64
		{B1768EE2-EBFE-405E-BA6F-B864FDB140B7}.AppStore|x64.Build.0 = Release|x64
		{B1768EE2-EBFE-405E-BA6F-B864FDB140B7}.AppStore|x64.Deploy.0 = Release|x64
		{B1768EE2-EBFE-405E-BA6F-B864FDB140B7}.AppStore|x86.ActiveCfg = Release|x86
		{B1768EE2-EBFE-405E-BA6F-B864FDB140B7}.AppStore|x86.Build.0 = Release|x86
		{B1768EE2-EBFE-405E-BA6F-B864FDB140B7}.AppStore|x86.Deploy.0 = Release|x86
		{B1768EE2-EBFE-405E-BA6F-B864FDB140B7}.Debug|Any CPU.ActiveCfg = Debug|x86
		{B1768EE2-EBFE-405E-BA6F-B864FDB140B7}.Debug|ARM.ActiveCfg = Debug|ARM
		{B1768EE2-EBFE-405E-BA6F-B864FDB140B7}.Debug|ARM.Build.0 = Debug|ARM
		{B1768EE2-EBFE-405E-BA6F-B864FDB140B7}.Debug|ARM.Deploy.0 = Debug|ARM
		{B1768EE2-EBFE-405E-BA6F-B864FDB140B7}.Debug|iPhone.ActiveCfg = Debug|x86
		{B1768EE2-EBFE-405E-BA6F-B864FDB140B7}.Debug|iPhoneSimulator.ActiveCfg = Debug|x86
		{B1768EE2-EBFE-405E-BA6F-B864FDB140B7}.Debug|x64.ActiveCfg = Debug|x64
		{B1768EE2-EBFE-405E-BA6F-B864FDB140B7}.Debug|x64.Build.0 = Debug|x64
		{B1768EE2-EBFE-405E-BA6F-B864FDB140B7}.Debug|x64.Deploy.0 = Debug|x64
		{B1768EE2-EBFE-405E-BA6F-B864FDB140B7}.Debug|x86.ActiveCfg = Debug|x86
		{B1768EE2-EBFE-405E-BA6F-B864FDB140B7}.Debug|x86.Build.0 = Debug|x86
		{B1768EE2-EBFE-405E-BA6F-B864FDB140B7}.Debug|x86.Deploy.0 = Debug|x86
		{B1768EE2-EBFE-405E-BA6F-B864FDB140B7}.Release|Any CPU.ActiveCfg = Release|x86
		{B1768EE2-EBFE-405E-BA6F-B864FDB140B7}.Release|ARM.ActiveCfg = Release|ARM
		{B1768EE2-EBFE-405E-BA6F-B864FDB140B7}.Release|ARM.Build.0 = Release|ARM
		{B1768EE2-EBFE-405E-BA6F-B864FDB140B7}.Release|ARM.Deploy.0 = Release|ARM
		{B1768EE2-EBFE-405E-BA6F-B864FDB140B7}.Release|iPhone.ActiveCfg = Release|x86
		{B1768EE2-EBFE-405E-BA6F-B864FDB140B7}.Release|iPhoneSimulator.ActiveCfg = Release|x86
		{B1768EE2-EBFE-405E-BA6F-B864FDB140B7}.Release|x64.ActiveCfg = Release|x64
		{B1768EE2-EBFE-405E-BA6F-B864FDB140B7}.Release|x64.Build.0 = Release|x64
		{B1768EE2-EBFE-405E-BA6F-B864FDB140B7}.Release|x64.Deploy.0 = Release|x64
		{B1768EE2-EBFE-405E-BA6F-B864FDB140B7}.Release|x86.ActiveCfg = Release|x86
		{B1768EE2-EBFE-405E-BA6F-B864FDB140B7}.Release|x86.Build.0 = Release|x86
		{B1768EE2-EBFE-405E-BA6F-B864FDB140B7}.Release|x86.Deploy.0 = Release|x86
	EndGlobalSection
	GlobalSection(SolutionProperties) = preSolution
		HideSolutionNode = FALSE
	EndGlobalSection
	GlobalSection(ExtensibilityGlobals) = postSolution
		SolutionGuid = {B0B7B9FC-4370-423E-B906-2FEB723CE0BC}
	EndGlobalSection
EndGlobal
